
Microsoft Visual Studio Solution File, Format Version 12.00
# Visual Studio 2013
VisualStudioVersion = 12.0.30723.0
MinimumVisualStudioVersion = 10.0.40219.1
Project("{FAE04EC0-301F-11D3-BF4B-00C04F79EFBC}") = "CirclePerimeter", "CirclePerimeter\CirclePerimeter.csproj", "{451B1FAA-64EA-455E-970E-382C19DE8AAD}"
EndProject
Project("{FAE04EC0-301F-11D3-BF4B-00C04F79EFBC}") = "SumOf3Nums", "SumOf3Nums\SumOf3Nums.csproj", "{A5FC920C-A478-448D-8EBA-7EC8F7B98C79}"
EndProject
Project("{FAE04EC0-301F-11D3-BF4B-00C04F79EFBC}") = "CompanyInformation", "CompanyInformation\CompanyInformation.csproj", "{32907B1F-1A73-4621-8E7D-AD4AD545E493}"
EndProject
Project("{FAE04EC0-301F-11D3-BF4B-00C04F79EFBC}") = "TrainPadInConsole", "TrainPadInConsole\TrainPadInConsole.csproj", "{B05CB446-8774-4874-B23A-E5470CA3C453}"
EndProject
Project("{FAE04EC0-301F-11D3-BF4B-00C04F79EFBC}") = "BetweenTwoNums", "BetweenTwoNums\BetweenTwoNums.csproj", "{19BFC421-E816-43D1-BA9D-BFD08DEF9A9F}"
EndProject
Project("{FAE04EC0-301F-11D3-BF4B-00C04F79EFBC}") = "PrintHigherNumber", "PrintHigherNumber\PrintHigherNumber.csproj", "{E33DDF2D-FD41-45E0-AF01-B143C4E4962D}"
EndProject
Project("{FAE04EC0-301F-11D3-BF4B-00C04F79EFBC}") = "Sum5Nums", "Sum5Nums\Sum5Nums.csproj", "{B1DA7C46-9D9B-413E-8FA5-1623CD82D9E5}"
EndProject
Project("{FAE04EC0-301F-11D3-BF4B-00C04F79EFBC}") = "HightestOf5", "HightestOf5\HightestOf5.csproj", "{11755D34-5E50-43E0-929A-B6082A88587F}"
EndProject
Project("{FAE04EC0-301F-11D3-BF4B-00C04F79EFBC}") = "QuadraticEqaution", "QuadraticEqaution\QuadraticEqaution.csproj", "{738F0F79-E7E9-4528-8EA2-4AFD40794386}"
EndProject
Project("{FAE04EC0-301F-11D3-BF4B-00C04F79EFBC}") = "nNumsSum", "nNumsSum\nNumsSum.csproj", "{A8AA18BD-D480-490E-9A79-2B7750AAB507}"
EndProject
Project("{FAE04EC0-301F-11D3-BF4B-00C04F79EFBC}") = "FibonacciSequence", "FibonacciSequence\FibonacciSequence.csproj", "{B43935D6-E22B-4B38-8221-A52AE0E302EE}"
EndProject
Global
	GlobalSection(SolutionConfigurationPlatforms) = preSolution
		Debug|Any CPU = Debug|Any CPU
		Release|Any CPU = Release|Any CPU
	EndGlobalSection
	GlobalSection(ProjectConfigurationPlatforms) = postSolution
		{451B1FAA-64EA-455E-970E-382C19DE8AAD}.Debug|Any CPU.ActiveCfg = Debug|Any CPU
		{451B1FAA-64EA-455E-970E-382C19DE8AAD}.Debug|Any CPU.Build.0 = Debug|Any CPU
		{451B1FAA-64EA-455E-970E-382C19DE8AAD}.Release|Any CPU.ActiveCfg = Release|Any CPU
		{451B1FAA-64EA-455E-970E-382C19DE8AAD}.Release|Any CPU.Build.0 = Release|Any CPU
		{A5FC920C-A478-448D-8EBA-7EC8F7B98C79}.Debug|Any CPU.ActiveCfg = Debug|Any CPU
		{A5FC920C-A478-448D-8EBA-7EC8F7B98C79}.Debug|Any CPU.Build.0 = Debug|Any CPU
		{A5FC920C-A478-448D-8EBA-7EC8F7B98C79}.Release|Any CPU.ActiveCfg = Release|Any CPU
		{A5FC920C-A478-448D-8EBA-7EC8F7B98C79}.Release|Any CPU.Build.0 = Release|Any CPU
		{32907B1F-1A73-4621-8E7D-AD4AD545E493}.Debug|Any CPU.ActiveCfg = Debug|Any CPU
		{32907B1F-1A73-4621-8E7D-AD4AD545E493}.Debug|Any CPU.Build.0 = Debug|Any CPU
		{32907B1F-1A73-4621-8E7D-AD4AD545E493}.Release|Any CPU.ActiveCfg = Release|Any CPU
		{32907B1F-1A73-4621-8E7D-AD4AD545E493}.Release|Any CPU.Build.0 = Release|Any CPU
		{B05CB446-8774-4874-B23A-E5470CA3C453}.Debug|Any CPU.ActiveCfg = Debug|Any CPU
		{B05CB446-8774-4874-B23A-E5470CA3C453}.Debug|Any CPU.Build.0 = Debug|Any CPU
		{B05CB446-8774-4874-B23A-E5470CA3C453}.Release|Any CPU.ActiveCfg = Release|Any CPU
		{B05CB446-8774-4874-B23A-E5470CA3C453}.Release|Any CPU.Build.0 = Release|Any CPU
		{19BFC421-E816-43D1-BA9D-BFD08DEF9A9F}.Debug|Any CPU.ActiveCfg = Debug|Any CPU
		{19BFC421-E816-43D1-BA9D-BFD08DEF9A9F}.Debug|Any CPU.Build.0 = Debug|Any CPU
		{19BFC421-E816-43D1-BA9D-BFD08DEF9A9F}.Release|Any CPU.ActiveCfg = Release|Any CPU
		{19BFC421-E816-43D1-BA9D-BFD08DEF9A9F}.Release|Any CPU.Build.0 = Release|Any CPU
		{E33DDF2D-FD41-45E0-AF01-B143C4E4962D}.Debug|Any CPU.ActiveCfg = Debug|Any CPU
		{E33DDF2D-FD41-45E0-AF01-B143C4E4962D}.Debug|Any CPU.Build.0 = Debug|Any CPU
		{E33DDF2D-FD41-45E0-AF01-B143C4E4962D}.Release|Any CPU.ActiveCfg = Release|Any CPU
		{E33DDF2D-FD41-45E0-AF01-B143C4E4962D}.Release|Any CPU.Build.0 = Release|Any CPU
		{B1DA7C46-9D9B-413E-8FA5-1623CD82D9E5}.Debug|Any CPU.ActiveCfg = Debug|Any CPU
		{B1DA7C46-9D9B-413E-8FA5-1623CD82D9E5}.Debug|Any CPU.Build.0 = Debug|Any CPU
		{B1DA7C46-9D9B-413E-8FA5-1623CD82D9E5}.Release|Any CPU.ActiveCfg = Release|Any CPU
		{B1DA7C46-9D9B-413E-8FA5-1623CD82D9E5}.Release|Any CPU.Build.0 = Release|Any CPU
		{11755D34-5E50-43E0-929A-B6082A88587F}.Debug|Any CPU.ActiveCfg = Debug|Any CPU
		{11755D34-5E50-43E0-929A-B6082A88587F}.Debug|Any CPU.Build.0 = Debug|Any CPU
		{11755D34-5E50-43E0-929A-B6082A88587F}.Release|Any CPU.ActiveCfg = Release|Any CPU
		{11755D34-5E50-43E0-929A-B6082A88587F}.Release|Any CPU.Build.0 = Release|Any CPU
		{738F0F79-E7E9-4528-8EA2-4AFD40794386}.Debug|Any CPU.ActiveCfg = Debug|Any CPU
		{738F0F79-E7E9-4528-8EA2-4AFD40794386}.Debug|Any CPU.Build.0 = Debug|Any CPU
		{738F0F79-E7E9-4528-8EA2-4AFD40794386}.Release|Any CPU.ActiveCfg = Release|Any CPU
		{738F0F79-E7E9-4528-8EA2-4AFD40794386}.Release|Any CPU.Build.0 = Release|Any CPU
		{A8AA18BD-D480-490E-9A79-2B7750AAB507}.Debug|Any CPU.ActiveCfg = Debug|Any CPU
		{A8AA18BD-D480-490E-9A79-2B7750AAB507}.Debug|Any CPU.Build.0 = Debug|Any CPU
		{A8AA18BD-D480-490E-9A79-2B7750AAB507}.Release|Any CPU.ActiveCfg = Release|Any CPU
		{A8AA18BD-D480-490E-9A79-2B7750AAB507}.Release|Any CPU.Build.0 = Release|Any CPU
		{B43935D6-E22B-4B38-8221-A52AE0E302EE}.Debug|Any CPU.ActiveCfg = Debug|Any CPU
		{B43935D6-E22B-4B38-8221-A52AE0E302EE}.Debug|Any CPU.Build.0 = Debug|Any CPU
		{B43935D6-E22B-4B38-8221-A52AE0E302EE}.Release|Any CPU.ActiveCfg = Release|Any CPU
		{B43935D6-E22B-4B38-8221-A52AE0E302EE}.Release|Any CPU.Build.0 = Release|Any CPU
	EndGlobalSection
	GlobalSection(SolutionProperties) = preSolution
		HideSolutionNode = FALSE
	EndGlobalSection
EndGlobal
