
Microsoft Visual Studio Solution File, Format Version 12.00
# Visual Studio 2013
VisualStudioVersion = 12.0.30723.0
MinimumVisualStudioVersion = 10.0.40219.1
Project("{FAE04EC0-301F-11D3-BF4B-00C04F79EFBC}") = "DeclareSomeVariables", "DeclareSomeVariables\DeclareSomeVariables.csproj", "{D3E9FE2B-B6A4-4F59-A89E-22E45ABEE719}"
EndProject
Project("{FAE04EC0-301F-11D3-BF4B-00C04F79EFBC}") = "DecimalTypesVariables", "decimalTypesVariables\DecimalTypesVariables.csproj", "{7DA2DA93-832F-4962-A9BE-CEC78A9AFBBC}"
EndProject
Project("{FAE04EC0-301F-11D3-BF4B-00C04F79EFBC}") = "PreciseCalculate", "PreciseCalculate\PreciseCalculate.csproj", "{DBA7D121-9233-4584-9E85-FF31CC472C44}"
EndProject
Project("{FAE04EC0-301F-11D3-BF4B-00C04F79EFBC}") = "DecIntToHex", "decIntToHex\DecIntToHex.csproj", "{EC0150D3-04A5-4F10-A646-A842A43EB364}"
EndProject
Project("{FAE04EC0-301F-11D3-BF4B-00C04F79EFBC}") = "CharUnicode-Task", "charUnicode-Task\CharUnicode-Task.csproj", "{12F20F05-E049-44CC-87D2-1002FE05DC1F}"
EndProject
Project("{FAE04EC0-301F-11D3-BF4B-00C04F79EFBC}") = "BoolTask", "boolTask\BoolTask.csproj", "{A54CD1BC-131A-4CA8-9B90-06CCAB9BFD3C}"
EndProject
Project("{FAE04EC0-301F-11D3-BF4B-00C04F79EFBC}") = "StringObjectTask", "StringObjectTask\StringObjectTask.csproj", "{6AA05842-9A7F-4772-8ABC-EE5DC436CAC7}"
EndProject
Project("{FAE04EC0-301F-11D3-BF4B-00C04F79EFBC}") = "StringObjectTask2", "StringObjectTask2\StringObjectTask2.csproj", "{E363C683-E7D6-4B16-8522-0C9B42833AA9}"
EndProject
Project("{FAE04EC0-301F-11D3-BF4B-00C04F79EFBC}") = "EscapingTask", "EscapingTask\EscapingTask.csproj", "{8C2A6E63-5BFB-4F67-8924-166987257A09}"
EndProject
Project("{FAE04EC0-301F-11D3-BF4B-00C04F79EFBC}") = "HeartShapeO's", "HeartShapeO's\HeartShapeO's.csproj", "{B457722E-0FA0-46CA-80C1-C5144A7C4C26}"
EndProject
Project("{FAE04EC0-301F-11D3-BF4B-00C04F79EFBC}") = "IcocelesTriangle", "IcocelesTriangle\IcocelesTriangle.csproj", "{B2D7294A-6FAC-4751-9DDB-BF6D2C767D40}"
EndProject
Project("{FAE04EC0-301F-11D3-BF4B-00C04F79EFBC}") = "MarketingData", "MarketingData\MarketingData.csproj", "{A0516353-BBD0-44A0-951B-82365404F42D}"
EndProject
Project("{FAE04EC0-301F-11D3-BF4B-00C04F79EFBC}") = "SwapValues", "SwapValues\SwapValues.csproj", "{3C72B3C9-E06B-488D-8E32-1A7BC844C72E}"
EndProject
Global
	GlobalSection(SolutionConfigurationPlatforms) = preSolution
		Debug|Any CPU = Debug|Any CPU
		Release|Any CPU = Release|Any CPU
	EndGlobalSection
	GlobalSection(ProjectConfigurationPlatforms) = postSolution
		{D3E9FE2B-B6A4-4F59-A89E-22E45ABEE719}.Debug|Any CPU.ActiveCfg = Debug|Any CPU
		{D3E9FE2B-B6A4-4F59-A89E-22E45ABEE719}.Debug|Any CPU.Build.0 = Debug|Any CPU
		{D3E9FE2B-B6A4-4F59-A89E-22E45ABEE719}.Release|Any CPU.ActiveCfg = Release|Any CPU
		{D3E9FE2B-B6A4-4F59-A89E-22E45ABEE719}.Release|Any CPU.Build.0 = Release|Any CPU
		{7DA2DA93-832F-4962-A9BE-CEC78A9AFBBC}.Debug|Any CPU.ActiveCfg = Debug|Any CPU
		{7DA2DA93-832F-4962-A9BE-CEC78A9AFBBC}.Debug|Any CPU.Build.0 = Debug|Any CPU
		{7DA2DA93-832F-4962-A9BE-CEC78A9AFBBC}.Release|Any CPU.ActiveCfg = Release|Any CPU
		{7DA2DA93-832F-4962-A9BE-CEC78A9AFBBC}.Release|Any CPU.Build.0 = Release|Any CPU
		{DBA7D121-9233-4584-9E85-FF31CC472C44}.Debug|Any CPU.ActiveCfg = Debug|Any CPU
		{DBA7D121-9233-4584-9E85-FF31CC472C44}.Debug|Any CPU.Build.0 = Debug|Any CPU
		{DBA7D121-9233-4584-9E85-FF31CC472C44}.Release|Any CPU.ActiveCfg = Release|Any CPU
		{DBA7D121-9233-4584-9E85-FF31CC472C44}.Release|Any CPU.Build.0 = Release|Any CPU
		{EC0150D3-04A5-4F10-A646-A842A43EB364}.Debug|Any CPU.ActiveCfg = Debug|Any CPU
		{EC0150D3-04A5-4F10-A646-A842A43EB364}.Debug|Any CPU.Build.0 = Debug|Any CPU
		{EC0150D3-04A5-4F10-A646-A842A43EB364}.Release|Any CPU.ActiveCfg = Release|Any CPU
		{EC0150D3-04A5-4F10-A646-A842A43EB364}.Release|Any CPU.Build.0 = Release|Any CPU
		{12F20F05-E049-44CC-87D2-1002FE05DC1F}.Debug|Any CPU.ActiveCfg = Debug|Any CPU
		{12F20F05-E049-44CC-87D2-1002FE05DC1F}.Debug|Any CPU.Build.0 = Debug|Any CPU
		{12F20F05-E049-44CC-87D2-1002FE05DC1F}.Release|Any CPU.ActiveCfg = Release|Any CPU
		{12F20F05-E049-44CC-87D2-1002FE05DC1F}.Release|Any CPU.Build.0 = Release|Any CPU
		{A54CD1BC-131A-4CA8-9B90-06CCAB9BFD3C}.Debug|Any CPU.ActiveCfg = Debug|Any CPU
		{A54CD1BC-131A-4CA8-9B90-06CCAB9BFD3C}.Debug|Any CPU.Build.0 = Debug|Any CPU
		{A54CD1BC-131A-4CA8-9B90-06CCAB9BFD3C}.Release|Any CPU.ActiveCfg = Release|Any CPU
		{A54CD1BC-131A-4CA8-9B90-06CCAB9BFD3C}.Release|Any CPU.Build.0 = Release|Any CPU
		{6AA05842-9A7F-4772-8ABC-EE5DC436CAC7}.Debug|Any CPU.ActiveCfg = Debug|Any CPU
		{6AA05842-9A7F-4772-8ABC-EE5DC436CAC7}.Debug|Any CPU.Build.0 = Debug|Any CPU
		{6AA05842-9A7F-4772-8ABC-EE5DC436CAC7}.Release|Any CPU.ActiveCfg = Release|Any CPU
		{6AA05842-9A7F-4772-8ABC-EE5DC436CAC7}.Release|Any CPU.Build.0 = Release|Any CPU
		{E363C683-E7D6-4B16-8522-0C9B42833AA9}.Debug|Any CPU.ActiveCfg = Debug|Any CPU
		{E363C683-E7D6-4B16-8522-0C9B42833AA9}.Debug|Any CPU.Build.0 = Debug|Any CPU
		{E363C683-E7D6-4B16-8522-0C9B42833AA9}.Release|Any CPU.ActiveCfg = Release|Any CPU
		{E363C683-E7D6-4B16-8522-0C9B42833AA9}.Release|Any CPU.Build.0 = Release|Any CPU
		{8C2A6E63-5BFB-4F67-8924-166987257A09}.Debug|Any CPU.ActiveCfg = Debug|Any CPU
		{8C2A6E63-5BFB-4F67-8924-166987257A09}.Debug|Any CPU.Build.0 = Debug|Any CPU
		{8C2A6E63-5BFB-4F67-8924-166987257A09}.Release|Any CPU.ActiveCfg = Release|Any CPU
		{8C2A6E63-5BFB-4F67-8924-166987257A09}.Release|Any CPU.Build.0 = Release|Any CPU
		{B457722E-0FA0-46CA-80C1-C5144A7C4C26}.Debug|Any CPU.ActiveCfg = Debug|Any CPU
		{B457722E-0FA0-46CA-80C1-C5144A7C4C26}.Debug|Any CPU.Build.0 = Debug|Any CPU
		{B457722E-0FA0-46CA-80C1-C5144A7C4C26}.Release|Any CPU.ActiveCfg = Release|Any CPU
		{B457722E-0FA0-46CA-80C1-C5144A7C4C26}.Release|Any CPU.Build.0 = Release|Any CPU
		{B2D7294A-6FAC-4751-9DDB-BF6D2C767D40}.Debug|Any CPU.ActiveCfg = Debug|Any CPU
		{B2D7294A-6FAC-4751-9DDB-BF6D2C767D40}.Debug|Any CPU.Build.0 = Debug|Any CPU
		{B2D7294A-6FAC-4751-9DDB-BF6D2C767D40}.Release|Any CPU.ActiveCfg = Release|Any CPU
		{B2D7294A-6FAC-4751-9DDB-BF6D2C767D40}.Release|Any CPU.Build.0 = Release|Any CPU
		{A0516353-BBD0-44A0-951B-82365404F42D}.Debug|Any CPU.ActiveCfg = Debug|Any CPU
		{A0516353-BBD0-44A0-951B-82365404F42D}.Debug|Any CPU.Build.0 = Debug|Any CPU
		{A0516353-BBD0-44A0-951B-82365404F42D}.Release|Any CPU.ActiveCfg = Release|Any CPU
		{A0516353-BBD0-44A0-951B-82365404F42D}.Release|Any CPU.Build.0 = Release|Any CPU
		{3C72B3C9-E06B-488D-8E32-1A7BC844C72E}.Debug|Any CPU.ActiveCfg = Debug|Any CPU
		{3C72B3C9-E06B-488D-8E32-1A7BC844C72E}.Debug|Any CPU.Build.0 = Debug|Any CPU
		{3C72B3C9-E06B-488D-8E32-1A7BC844C72E}.Release|Any CPU.ActiveCfg = Release|Any CPU
		{3C72B3C9-E06B-488D-8E32-1A7BC844C72E}.Release|Any CPU.Build.0 = Release|Any CPU
	EndGlobalSection
	GlobalSection(SolutionProperties) = preSolution
		HideSolutionNode = FALSE
	EndGlobalSection
EndGlobal
