
Microsoft Visual Studio Solution File, Format Version 12.00
# Visual Studio 2013
VisualStudioVersion = 12.0.30723.0
MinimumVisualStudioVersion = 10.0.40219.1
Project("{FAE04EC0-301F-11D3-BF4B-00C04F79EFBC}") = "IntroToCSharp", "IntroToCSharp\IntroToCSharp.csproj", "{B13C14FF-6E92-4029-A09A-BE96D524D154}"
EndProject
Project("{FAE04EC0-301F-11D3-BF4B-00C04F79EFBC}") = "PrintMyName", "PrintMyName\PrintMyName.csproj", "{482EB7FD-0E18-4004-B45F-AB58A0E1F4A4}"
EndProject
Project("{FAE04EC0-301F-11D3-BF4B-00C04F79EFBC}") = "PrintNumbers", "PrintNumbers\PrintNumbers.csproj", "{82BCDFBE-CF31-4C2B-9C28-66F254711CF1}"
EndProject
Project("{FAE04EC0-301F-11D3-BF4B-00C04F79EFBC}") = "PrintFirst100", "PrintFirst100\PrintFirst100.csproj", "{3BC365BC-0C65-41CA-A71C-DCC1A7B8E5F1}"
EndProject
Project("{FAE04EC0-301F-11D3-BF4B-00C04F79EFBC}") = "ReadMyBirthPlus10", "ReadMyBirthPlus10\ReadMyBirthPlus10.csproj", "{84F14DC6-D704-49A4-8945-2DBC608D8708}"
EndProject
Project("{FAE04EC0-301F-11D3-BF4B-00C04F79EFBC}") = "PrintCurrentDateTime", "PrintCurrentDateTime\PrintCurrentDateTime.csproj", "{4D1435EE-0C02-4F13-8CC6-99DD73A41438}"
EndProject
Project("{FAE04EC0-301F-11D3-BF4B-00C04F79EFBC}") = "PrintSquareRoot", "PrintSquareRoot\PrintSquareRoot.csproj", "{DFC9C783-F218-4552-9072-5DC44AA7CD79}"
EndProject
Global
	GlobalSection(SolutionConfigurationPlatforms) = preSolution
		Debug|Any CPU = Debug|Any CPU
		Release|Any CPU = Release|Any CPU
	EndGlobalSection
	GlobalSection(ProjectConfigurationPlatforms) = postSolution
		{B13C14FF-6E92-4029-A09A-BE96D524D154}.Debug|Any CPU.ActiveCfg = Debug|Any CPU
		{B13C14FF-6E92-4029-A09A-BE96D524D154}.Debug|Any CPU.Build.0 = Debug|Any CPU
		{B13C14FF-6E92-4029-A09A-BE96D524D154}.Release|Any CPU.ActiveCfg = Release|Any CPU
		{B13C14FF-6E92-4029-A09A-BE96D524D154}.Release|Any CPU.Build.0 = Release|Any CPU
		{482EB7FD-0E18-4004-B45F-AB58A0E1F4A4}.Debug|Any CPU.ActiveCfg = Debug|Any CPU
		{482EB7FD-0E18-4004-B45F-AB58A0E1F4A4}.Debug|Any CPU.Build.0 = Debug|Any CPU
		{482EB7FD-0E18-4004-B45F-AB58A0E1F4A4}.Release|Any CPU.ActiveCfg = Release|Any CPU
		{482EB7FD-0E18-4004-B45F-AB58A0E1F4A4}.Release|Any CPU.Build.0 = Release|Any CPU
		{82BCDFBE-CF31-4C2B-9C28-66F254711CF1}.Debug|Any CPU.ActiveCfg = Debug|Any CPU
		{82BCDFBE-CF31-4C2B-9C28-66F254711CF1}.Debug|Any CPU.Build.0 = Debug|Any CPU
		{82BCDFBE-CF31-4C2B-9C28-66F254711CF1}.Release|Any CPU.ActiveCfg = Release|Any CPU
		{82BCDFBE-CF31-4C2B-9C28-66F254711CF1}.Release|Any CPU.Build.0 = Release|Any CPU
		{3BC365BC-0C65-41CA-A71C-DCC1A7B8E5F1}.Debug|Any CPU.ActiveCfg = Debug|Any CPU
		{3BC365BC-0C65-41CA-A71C-DCC1A7B8E5F1}.Debug|Any CPU.Build.0 = Debug|Any CPU
		{3BC365BC-0C65-41CA-A71C-DCC1A7B8E5F1}.Release|Any CPU.ActiveCfg = Release|Any CPU
		{3BC365BC-0C65-41CA-A71C-DCC1A7B8E5F1}.Release|Any CPU.Build.0 = Release|Any CPU
		{84F14DC6-D704-49A4-8945-2DBC608D8708}.Debug|Any CPU.ActiveCfg = Debug|Any CPU
		{84F14DC6-D704-49A4-8945-2DBC608D8708}.Debug|Any CPU.Build.0 = Debug|Any CPU
		{84F14DC6-D704-49A4-8945-2DBC608D8708}.Release|Any CPU.ActiveCfg = Release|Any CPU
		{84F14DC6-D704-49A4-8945-2DBC608D8708}.Release|Any CPU.Build.0 = Release|Any CPU
		{4D1435EE-0C02-4F13-8CC6-99DD73A41438}.Debug|Any CPU.ActiveCfg = Debug|Any CPU
		{4D1435EE-0C02-4F13-8CC6-99DD73A41438}.Debug|Any CPU.Build.0 = Debug|Any CPU
		{4D1435EE-0C02-4F13-8CC6-99DD73A41438}.Release|Any CPU.ActiveCfg = Release|Any CPU
		{4D1435EE-0C02-4F13-8CC6-99DD73A41438}.Release|Any CPU.Build.0 = Release|Any CPU
		{DFC9C783-F218-4552-9072-5DC44AA7CD79}.Debug|Any CPU.ActiveCfg = Debug|Any CPU
		{DFC9C783-F218-4552-9072-5DC44AA7CD79}.Debug|Any CPU.Build.0 = Debug|Any CPU
		{DFC9C783-F218-4552-9072-5DC44AA7CD79}.Release|Any CPU.ActiveCfg = Release|Any CPU
		{DFC9C783-F218-4552-9072-5DC44AA7CD79}.Release|Any CPU.Build.0 = Release|Any CPU
	EndGlobalSection
	GlobalSection(SolutionProperties) = preSolution
		HideSolutionNode = FALSE
	EndGlobalSection
EndGlobal
